
Microsoft Visual Studio Solution File, Format Version 12.00
# Visual Studio Version 17
VisualStudioVersion = 17.14.36202.13
MinimumVisualStudioVersion = 10.0.40219.1
Project("{FAE04EC0-301F-11D3-BF4B-00C04F79EFBC}") = "ATDDotNetTrainingBatch2.ConsoleApp", "ATDDotNetTrainingBatch2.ConsoleApp\ATDDotNetTrainingBatch2.ConsoleApp.csproj", "{CCB0CC3C-6B32-4D69-8AAB-5A3E91122CAE}"
EndProject
Project("{FAE04EC0-301F-11D3-BF4B-00C04F79EFBC}") = "ATDDotNetTrainingBatch2.MiniPosConsoleApp", "ATDDotNetTrainingBatch2.MiniPosConsoleApp\ATDDotNetTrainingBatch2.MiniPosConsoleApp.csproj", "{618C4602-3507-4AFA-BF41-CB4ED6CBAB67}"
EndProject
Project("{FAE04EC0-301F-11D3-BF4B-00C04F79EFBC}") = "ATDDotNetTrainingBatch2.Database", "ATDDotNetTrainingBatch2.Database\ATDDotNetTrainingBatch2.Database.csproj", "{ED32BCA4-7FDE-4696-A987-8331967CE0B2}"
EndProject
Project("{2150E333-8FDC-42A3-9474-1A3956D46DE8}") = "MiniPOS", "MiniPOS", "{02EA681E-C7D8-13C7-8484-4AC65E1B71E8}"
EndProject
Project("{FAE04EC0-301F-11D3-BF4B-00C04F79EFBC}") = "ATDDotNetTrainingBatch2.MiniPOS.Database", "ATDDotNetTrainingBatch2.MiniPOS.Database\ATDDotNetTrainingBatch2.MiniPOS.Database.csproj", "{04CA3D3F-B9D2-4FC7-9964-81B0D8880149}"
EndProject
Project("{2150E333-8FDC-42A3-9474-1A3956D46DE8}") = "Solution Items", "Solution Items", "{8EC462FD-D22E-90A8-E5CE-7E832BA40C5D}"
	ProjectSection(SolutionItems) = preProject
		README.md = README.md
		README.txt = README.txt
	EndProjectSection
EndProject
Project("{FAE04EC0-301F-11D3-BF4B-00C04F79EFBC}") = "ATDDotNetTrainingBatch2.MiniPOS.Domain", "ATDDotNetTrainingBatch2.MiniPOS.Domain\ATDDotNetTrainingBatch2.MiniPOS.Domain.csproj", "{D1310EA5-D21A-44ED-9630-DD4771652513}"
EndProject
Project("{2150E333-8FDC-42A3-9474-1A3956D46DE8}") = "WindowFormProjects", "WindowFormProjects", "{BF10B963-1B32-45B0-8B14-F25804102F94}"
EndProject
Project("{FAE04EC0-301F-11D3-BF4B-00C04F79EFBC}") = "ATDDotNetTrainingBatch2.WindowsFormsApp1", "ATDDotNetTrainingBatch2.WindowsFormsApp1\ATDDotNetTrainingBatch2.WindowsFormsApp1.csproj", "{E1B7D030-5935-48C6-B130-C09FEBD65C9F}"
EndProject
Project("{FAE04EC0-301F-11D3-BF4B-00C04F79EFBC}") = "ATDDotNetTrainingBatch2.WinFormsApp1", "ATDDotNetTrainingBatch2.WinFormsApp1\ATDDotNetTrainingBatch2.WinFormsApp1.csproj", "{C1899479-2A34-4125-9942-12837DFB8CBE}"
EndProject
Project("{FAE04EC0-301F-11D3-BF4B-00C04F79EFBC}") = "ATDDotNetTrainingBatch2.WinFormsApp1.Database", "ATDDotNetTrainingBatch2.WinFormsApp1.Database\ATDDotNetTrainingBatch2.WinFormsApp1.Database.csproj", "{E23A4E73-1F0F-44BE-89FB-76389E5C308C}"
EndProject
Project("{2150E333-8FDC-42A3-9474-1A3956D46DE8}") = "Project1", "Project1", "{80A7021F-197A-40C1-A03A-BA513FFC8801}"
EndProject
Project("{2150E333-8FDC-42A3-9474-1A3956D46DE8}") = "API", "API", "{61C86B90-6CC3-4179-ADCC-F55CE9251C7C}"
EndProject
Project("{FAE04EC0-301F-11D3-BF4B-00C04F79EFBC}") = "ATDDotNetTrainingBatch2.WebApi", "ATDDotNetTrainingBatch2.WebApi\ATDDotNetTrainingBatch2.WebApi.csproj", "{12A9EC9D-DDC2-4955-B789-AB234BB0E3B0}"
EndProject
Project("{2150E333-8FDC-42A3-9474-1A3956D46DE8}") = "API_Project", "API_Project", "{A7415A79-F75B-4BF4-B88D-F2F05869A14D}"
EndProject
Project("{FAE04EC0-301F-11D3-BF4B-00C04F79EFBC}") = "ATDDotNetTrainingBatch2.WebApi2", "ATDDotNetTrainingBatch2.WebApi2\ATDDotNetTrainingBatch2.WebApi2.csproj", "{2FEC3594-2FEB-46CE-9983-AD977F460C0B}"
EndProject
Project("{FAE04EC0-301F-11D3-BF4B-00C04F79EFBC}") = "ATDDotNetTrainingBatch2.Database2", "ATDDotNetTrainingBatch2.Database2\ATDDotNetTrainingBatch2.Database2.csproj", "{4B14FE40-1C67-4DB4-A5FA-728C22D9B5E3}"
EndProject
Project("{FAE04EC0-301F-11D3-BF4B-00C04F79EFBC}") = "ATDDotNetTrainingBatch2.DapperWebApi", "ATDDotNetTrainingBatch2.DapperWebApi\ATDDotNetTrainingBatch2.DapperWebApi.csproj", "{1C1B7E82-3196-4FAE-B275-C9A599AA5026}"
EndProject
Project("{2150E333-8FDC-42A3-9474-1A3956D46DE8}") = "Dependency_Injection_WebAPI", "Dependency_Injection_WebAPI", "{63B1DA07-3B17-44CA-A3AF-7F4AA6F29750}"
EndProject
Project("{FAE04EC0-301F-11D3-BF4B-00C04F79EFBC}") = "ATDDotNetTrainingBatch2.DISample", "ATDDotNetTrainingBatch2.DISample\ATDDotNetTrainingBatch2.DISample.csproj", "{429739C0-0CDB-4B7D-B566-D650256A34C0}"
EndProject
Project("{FAE04EC0-301F-11D3-BF4B-00C04F79EFBC}") = "ATDDotNetTrainingBatch2.DI_Database", "ATDDotNetTrainingBatch2.DI_Database\ATDDotNetTrainingBatch2.DI_Database.csproj", "{99EA7BAE-4406-47B9-A825-6DE2643B450B}"
EndProject
Project("{FAE04EC0-301F-11D3-BF4B-00C04F79EFBC}") = "ATDDotNetTrainingBatch2.DISample.Bl", "ATDDotNetTrainingBatch2.DISample.Bl\ATDDotNetTrainingBatch2.DISample.Bl.csproj", "{5EFFD9FD-43AA-4F72-9CE4-73BA6B1E3AC3}"
EndProject
Project("{FAE04EC0-301F-11D3-BF4B-00C04F79EFBC}") = "ATDDotNetTrainingBatch2.DISample.DA", "ATDDotNetTrainingBatch2.DISample.DA\ATDDotNetTrainingBatch2.DISample.DA.csproj", "{13DE8E0A-0E4B-40C7-B2BC-0E66C688E92F}"
EndProject
Project("{FAE04EC0-301F-11D3-BF4B-00C04F79EFBC}") = "ATDDotNetTrainingBatch2.DISample.ConsoleClientApp", "ATDDotNetTrainingBatch2.DISample.ConsoleClientApp\ATDDotNetTrainingBatch2.DISample.ConsoleClientApp.csproj", "{5C2F300F-C07F-47C6-AC3D-3986E446EB5F}"
EndProject
Global
	GlobalSection(SolutionConfigurationPlatforms) = preSolution
		Debug|Any CPU = Debug|Any CPU
		Release|Any CPU = Release|Any CPU
	EndGlobalSection
	GlobalSection(ProjectConfigurationPlatforms) = postSolution
		{CCB0CC3C-6B32-4D69-8AAB-5A3E91122CAE}.Debug|Any CPU.ActiveCfg = Debug|Any CPU
		{CCB0CC3C-6B32-4D69-8AAB-5A3E91122CAE}.Debug|Any CPU.Build.0 = Debug|Any CPU
		{CCB0CC3C-6B32-4D69-8AAB-5A3E91122CAE}.Release|Any CPU.ActiveCfg = Release|Any CPU
		{CCB0CC3C-6B32-4D69-8AAB-5A3E91122CAE}.Release|Any CPU.Build.0 = Release|Any CPU
		{618C4602-3507-4AFA-BF41-CB4ED6CBAB67}.Debug|Any CPU.ActiveCfg = Debug|Any CPU
		{618C4602-3507-4AFA-BF41-CB4ED6CBAB67}.Debug|Any CPU.Build.0 = Debug|Any CPU
		{618C4602-3507-4AFA-BF41-CB4ED6CBAB67}.Release|Any CPU.ActiveCfg = Release|Any CPU
		{618C4602-3507-4AFA-BF41-CB4ED6CBAB67}.Release|Any CPU.Build.0 = Release|Any CPU
		{ED32BCA4-7FDE-4696-A987-8331967CE0B2}.Debug|Any CPU.ActiveCfg = Debug|Any CPU
		{ED32BCA4-7FDE-4696-A987-8331967CE0B2}.Debug|Any CPU.Build.0 = Debug|Any CPU
		{ED32BCA4-7FDE-4696-A987-8331967CE0B2}.Release|Any CPU.ActiveCfg = Release|Any CPU
		{ED32BCA4-7FDE-4696-A987-8331967CE0B2}.Release|Any CPU.Build.0 = Release|Any CPU
		{04CA3D3F-B9D2-4FC7-9964-81B0D8880149}.Debug|Any CPU.ActiveCfg = Debug|Any CPU
		{04CA3D3F-B9D2-4FC7-9964-81B0D8880149}.Debug|Any CPU.Build.0 = Debug|Any CPU
		{04CA3D3F-B9D2-4FC7-9964-81B0D8880149}.Release|Any CPU.ActiveCfg = Release|Any CPU
		{04CA3D3F-B9D2-4FC7-9964-81B0D8880149}.Release|Any CPU.Build.0 = Release|Any CPU
		{D1310EA5-D21A-44ED-9630-DD4771652513}.Debug|Any CPU.ActiveCfg = Debug|Any CPU
		{D1310EA5-D21A-44ED-9630-DD4771652513}.Debug|Any CPU.Build.0 = Debug|Any CPU
		{D1310EA5-D21A-44ED-9630-DD4771652513}.Release|Any CPU.ActiveCfg = Release|Any CPU
		{D1310EA5-D21A-44ED-9630-DD4771652513}.Release|Any CPU.Build.0 = Release|Any CPU
		{E1B7D030-5935-48C6-B130-C09FEBD65C9F}.Debug|Any CPU.ActiveCfg = Debug|Any CPU
		{E1B7D030-5935-48C6-B130-C09FEBD65C9F}.Debug|Any CPU.Build.0 = Debug|Any CPU
		{E1B7D030-5935-48C6-B130-C09FEBD65C9F}.Release|Any CPU.ActiveCfg = Release|Any CPU
		{E1B7D030-5935-48C6-B130-C09FEBD65C9F}.Release|Any CPU.Build.0 = Release|Any CPU
		{C1899479-2A34-4125-9942-12837DFB8CBE}.Debug|Any CPU.ActiveCfg = Debug|Any CPU
		{C1899479-2A34-4125-9942-12837DFB8CBE}.Debug|Any CPU.Build.0 = Debug|Any CPU
		{C1899479-2A34-4125-9942-12837DFB8CBE}.Release|Any CPU.ActiveCfg = Release|Any CPU
		{C1899479-2A34-4125-9942-12837DFB8CBE}.Release|Any CPU.Build.0 = Release|Any CPU
		{E23A4E73-1F0F-44BE-89FB-76389E5C308C}.Debug|Any CPU.ActiveCfg = Debug|Any CPU
		{E23A4E73-1F0F-44BE-89FB-76389E5C308C}.Debug|Any CPU.Build.0 = Debug|Any CPU
		{E23A4E73-1F0F-44BE-89FB-76389E5C308C}.Release|Any CPU.ActiveCfg = Release|Any CPU
		{E23A4E73-1F0F-44BE-89FB-76389E5C308C}.Release|Any CPU.Build.0 = Release|Any CPU
		{12A9EC9D-DDC2-4955-B789-AB234BB0E3B0}.Debug|Any CPU.ActiveCfg = Debug|Any CPU
		{12A9EC9D-DDC2-4955-B789-AB234BB0E3B0}.Debug|Any CPU.Build.0 = Debug|Any CPU
		{12A9EC9D-DDC2-4955-B789-AB234BB0E3B0}.Release|Any CPU.ActiveCfg = Release|Any CPU
		{12A9EC9D-DDC2-4955-B789-AB234BB0E3B0}.Release|Any CPU.Build.0 = Release|Any CPU
		{2FEC3594-2FEB-46CE-9983-AD977F460C0B}.Debug|Any CPU.ActiveCfg = Debug|Any CPU
		{2FEC3594-2FEB-46CE-9983-AD977F460C0B}.Debug|Any CPU.Build.0 = Debug|Any CPU
		{2FEC3594-2FEB-46CE-9983-AD977F460C0B}.Release|Any CPU.ActiveCfg = Release|Any CPU
		{2FEC3594-2FEB-46CE-9983-AD977F460C0B}.Release|Any CPU.Build.0 = Release|Any CPU
		{4B14FE40-1C67-4DB4-A5FA-728C22D9B5E3}.Debug|Any CPU.ActiveCfg = Debug|Any CPU
		{4B14FE40-1C67-4DB4-A5FA-728C22D9B5E3}.Debug|Any CPU.Build.0 = Debug|Any CPU
		{4B14FE40-1C67-4DB4-A5FA-728C22D9B5E3}.Release|Any CPU.ActiveCfg = Release|Any CPU
		{4B14FE40-1C67-4DB4-A5FA-728C22D9B5E3}.Release|Any CPU.Build.0 = Release|Any CPU
		{1C1B7E82-3196-4FAE-B275-C9A599AA5026}.Debug|Any CPU.ActiveCfg = Debug|Any CPU
		{1C1B7E82-3196-4FAE-B275-C9A599AA5026}.Debug|Any CPU.Build.0 = Debug|Any CPU
		{1C1B7E82-3196-4FAE-B275-C9A599AA5026}.Release|Any CPU.ActiveCfg = Release|Any CPU
		{1C1B7E82-3196-4FAE-B275-C9A599AA5026}.Release|Any CPU.Build.0 = Release|Any CPU
		{429739C0-0CDB-4B7D-B566-D650256A34C0}.Debug|Any CPU.ActiveCfg = Debug|Any CPU
		{429739C0-0CDB-4B7D-B566-D650256A34C0}.Debug|Any CPU.Build.0 = Debug|Any CPU
		{429739C0-0CDB-4B7D-B566-D650256A34C0}.Release|Any CPU.ActiveCfg = Release|Any CPU
		{429739C0-0CDB-4B7D-B566-D650256A34C0}.Release|Any CPU.Build.0 = Release|Any CPU
		{99EA7BAE-4406-47B9-A825-6DE2643B450B}.Debug|Any CPU.ActiveCfg = Debug|Any CPU
		{99EA7BAE-4406-47B9-A825-6DE2643B450B}.Debug|Any CPU.Build.0 = Debug|Any CPU
		{99EA7BAE-4406-47B9-A825-6DE2643B450B}.Release|Any CPU.ActiveCfg = Release|Any CPU
		{99EA7BAE-4406-47B9-A825-6DE2643B450B}.Release|Any CPU.Build.0 = Release|Any CPU
		{5EFFD9FD-43AA-4F72-9CE4-73BA6B1E3AC3}.Debug|Any CPU.ActiveCfg = Debug|Any CPU
		{5EFFD9FD-43AA-4F72-9CE4-73BA6B1E3AC3}.Debug|Any CPU.Build.0 = Debug|Any CPU
		{5EFFD9FD-43AA-4F72-9CE4-73BA6B1E3AC3}.Release|Any CPU.ActiveCfg = Release|Any CPU
		{5EFFD9FD-43AA-4F72-9CE4-73BA6B1E3AC3}.Release|Any CPU.Build.0 = Release|Any CPU
		{13DE8E0A-0E4B-40C7-B2BC-0E66C688E92F}.Debug|Any CPU.ActiveCfg = Debug|Any CPU
		{13DE8E0A-0E4B-40C7-B2BC-0E66C688E92F}.Debug|Any CPU.Build.0 = Debug|Any CPU
		{13DE8E0A-0E4B-40C7-B2BC-0E66C688E92F}.Release|Any CPU.ActiveCfg = Release|Any CPU
		{13DE8E0A-0E4B-40C7-B2BC-0E66C688E92F}.Release|Any CPU.Build.0 = Release|Any CPU
		{5C2F300F-C07F-47C6-AC3D-3986E446EB5F}.Debug|Any CPU.ActiveCfg = Debug|Any CPU
		{5C2F300F-C07F-47C6-AC3D-3986E446EB5F}.Debug|Any CPU.Build.0 = Debug|Any CPU
		{5C2F300F-C07F-47C6-AC3D-3986E446EB5F}.Release|Any CPU.ActiveCfg = Release|Any CPU
		{5C2F300F-C07F-47C6-AC3D-3986E446EB5F}.Release|Any CPU.Build.0 = Release|Any CPU
	EndGlobalSection
	GlobalSection(SolutionProperties) = preSolution
		HideSolutionNode = FALSE
	EndGlobalSection
	GlobalSection(NestedProjects) = preSolution
		{CCB0CC3C-6B32-4D69-8AAB-5A3E91122CAE} = {80A7021F-197A-40C1-A03A-BA513FFC8801}
		{618C4602-3507-4AFA-BF41-CB4ED6CBAB67} = {02EA681E-C7D8-13C7-8484-4AC65E1B71E8}
		{ED32BCA4-7FDE-4696-A987-8331967CE0B2} = {80A7021F-197A-40C1-A03A-BA513FFC8801}
		{04CA3D3F-B9D2-4FC7-9964-81B0D8880149} = {02EA681E-C7D8-13C7-8484-4AC65E1B71E8}
		{D1310EA5-D21A-44ED-9630-DD4771652513} = {02EA681E-C7D8-13C7-8484-4AC65E1B71E8}
		{E1B7D030-5935-48C6-B130-C09FEBD65C9F} = {BF10B963-1B32-45B0-8B14-F25804102F94}
		{C1899479-2A34-4125-9942-12837DFB8CBE} = {BF10B963-1B32-45B0-8B14-F25804102F94}
		{E23A4E73-1F0F-44BE-89FB-76389E5C308C} = {BF10B963-1B32-45B0-8B14-F25804102F94}
		{12A9EC9D-DDC2-4955-B789-AB234BB0E3B0} = {61C86B90-6CC3-4179-ADCC-F55CE9251C7C}
		{2FEC3594-2FEB-46CE-9983-AD977F460C0B} = {A7415A79-F75B-4BF4-B88D-F2F05869A14D}
		{4B14FE40-1C67-4DB4-A5FA-728C22D9B5E3} = {A7415A79-F75B-4BF4-B88D-F2F05869A14D}
		{1C1B7E82-3196-4FAE-B275-C9A599AA5026} = {A7415A79-F75B-4BF4-B88D-F2F05869A14D}
		{429739C0-0CDB-4B7D-B566-D650256A34C0} = {63B1DA07-3B17-44CA-A3AF-7F4AA6F29750}
		{99EA7BAE-4406-47B9-A825-6DE2643B450B} = {63B1DA07-3B17-44CA-A3AF-7F4AA6F29750}
		{5EFFD9FD-43AA-4F72-9CE4-73BA6B1E3AC3} = {63B1DA07-3B17-44CA-A3AF-7F4AA6F29750}
		{13DE8E0A-0E4B-40C7-B2BC-0E66C688E92F} = {63B1DA07-3B17-44CA-A3AF-7F4AA6F29750}
		{5C2F300F-C07F-47C6-AC3D-3986E446EB5F} = {63B1DA07-3B17-44CA-A3AF-7F4AA6F29750}
	EndGlobalSection
	GlobalSection(ExtensibilityGlobals) = postSolution
		SolutionGuid = {7C9EA11F-5942-4EAA-8FF4-1A4E33C9D854}
	EndGlobalSection
EndGlobal
